
Microsoft Visual Studio Solution File, Format Version 12.00
# Visual Studio Version 17
VisualStudioVersion = 17.13.35931.197
MinimumVisualStudioVersion = 10.0.40219.1
Project("{8BC9CEB8-8B4A-11D0-8D11-00A0C91BC942}") = "CG2-25-LE2C23", "CG2-25-LE2C23.vcxproj", "{204FEC4C-2D0B-4755-8EC6-CA6B800629E5}"
	ProjectSection(ProjectDependencies) = postProject
		{30013889-C324-4472-B27B-D464EEBB94A7} = {30013889-C324-4472-B27B-D464EEBB94A7}
	EndProjectSection
EndProject
Project("{2150E333-8FDC-42A3-9474-1A3956D46DE8}") = "ソリューション項目", "ソリューション項目", "{2022CB0F-8BAF-F49E-0C48-8EF4C96EC109}"
	ProjectSection(SolutionItems) = preProject
		.editorconfig = .editorconfig
	EndProjectSection
EndProject
Project("{8BC9CEB8-8B4A-11D0-8D11-00A0C91BC942}") = "DirectXTex", "externals\DirectXTex\DirectXTex_Desktop_2022_Win10.vcxproj", "{371B9FA9-4C90-4AC6-A123-ACED756D6C77}"
EndProject
Project("{8BC9CEB8-8B4A-11D0-8D11-00A0C91BC942}") = "imgui", "imgui\imgui.vcxproj", "{30013889-C324-4472-B27B-D464EEBB94A7}"
EndProject
Global
	GlobalSection(SolutionConfigurationPlatforms) = preSolution
		Debug|x64 = Debug|x64
		Development|x64 = Development|x64
		Release|x64 = Release|x64
	EndGlobalSection
	GlobalSection(ProjectConfigurationPlatforms) = postSolution
		{204FEC4C-2D0B-4755-8EC6-CA6B800629E5}.Debug|x64.ActiveCfg = Debug|x64
		{204FEC4C-2D0B-4755-8EC6-CA6B800629E5}.Debug|x64.Build.0 = Debug|x64
		{204FEC4C-2D0B-4755-8EC6-CA6B800629E5}.Development|x64.ActiveCfg = Development|x64
		{204FEC4C-2D0B-4755-8EC6-CA6B800629E5}.Development|x64.Build.0 = Development|x64
		{204FEC4C-2D0B-4755-8EC6-CA6B800629E5}.Release|x64.ActiveCfg = Release|x64
		{204FEC4C-2D0B-4755-8EC6-CA6B800629E5}.Release|x64.Build.0 = Release|x64
		{371B9FA9-4C90-4AC6-A123-ACED756D6C77}.Debug|x64.ActiveCfg = Debug|x64
		{371B9FA9-4C90-4AC6-A123-ACED756D6C77}.Debug|x64.Build.0 = Debug|x64
		{371B9FA9-4C90-4AC6-A123-ACED756D6C77}.Development|x64.ActiveCfg = Development|x64
		{371B9FA9-4C90-4AC6-A123-ACED756D6C77}.Development|x64.Build.0 = Development|x64
		{371B9FA9-4C90-4AC6-A123-ACED756D6C77}.Release|x64.ActiveCfg = Release|x64
		{371B9FA9-4C90-4AC6-A123-ACED756D6C77}.Release|x64.Build.0 = Release|x64
		{30013889-C324-4472-B27B-D464EEBB94A7}.Debug|x64.ActiveCfg = Debug|x64
		{30013889-C324-4472-B27B-D464EEBB94A7}.Debug|x64.Build.0 = Debug|x64
		{30013889-C324-4472-B27B-D464EEBB94A7}.Development|x64.ActiveCfg = Release|x64
		{30013889-C324-4472-B27B-D464EEBB94A7}.Development|x64.Build.0 = Release|x64
		{30013889-C324-4472-B27B-D464EEBB94A7}.Release|x64.ActiveCfg = Release|x64
		{30013889-C324-4472-B27B-D464EEBB94A7}.Release|x64.Build.0 = Release|x64
	EndGlobalSection
	GlobalSection(SolutionProperties) = preSolution
		HideSolutionNode = FALSE
	EndGlobalSection
	GlobalSection(NestedProjects) = preSolution
		{371B9FA9-4C90-4AC6-A123-ACED756D6C77} = {00000000-0000-0000-0000-000000000000}
	EndGlobalSection
	GlobalSection(ExtensibilityGlobals) = postSolution
		SolutionGuid = {44BFE2A5-7328-4A47-915E-DE2AEB746FD8}
	EndGlobalSection
EndGlobal
